
Microsoft Visual Studio Solution File, Format Version 12.00
# Visual Studio Version 16
VisualStudioVersion = 16.0.31702.278
MinimumVisualStudioVersion = 10.0.40219.1
Project("{FAE04EC0-301F-11D3-BF4B-00C04F79EFBC}") = "QuizGame", "QuizGame.csproj", "{D8FAD3D8-A53A-4372-9824-DF2C15B1CB3C}"
EndProject
Project("{FAE04EC0-301F-11D3-BF4B-00C04F79EFBC}") = "QuizEditor", "QuizEditor\QuizEditor.csproj", "{53FCA03E-FF7F-4058-8AD8-A3177EA2B0E2}"
EndProject
Project("{FAE04EC0-301F-11D3-BF4B-00C04F79EFBC}") = "QuizProject", "QuizProject\QuizProject.csproj", "{29EF260A-1F3B-4011-A527-7169E286C841}"
EndProject
Global
	GlobalSection(SolutionConfigurationPlatforms) = preSolution
		Debug|Any CPU = Debug|Any CPU
		Release|Any CPU = Release|Any CPU
	EndGlobalSection
	GlobalSection(ProjectConfigurationPlatforms) = postSolution
		{D8FAD3D8-A53A-4372-9824-DF2C15B1CB3C}.Debug|Any CPU.ActiveCfg = Debug|Any CPU
		{D8FAD3D8-A53A-4372-9824-DF2C15B1CB3C}.Debug|Any CPU.Build.0 = Debug|Any CPU
		{D8FAD3D8-A53A-4372-9824-DF2C15B1CB3C}.Release|Any CPU.ActiveCfg = Release|Any CPU
		{D8FAD3D8-A53A-4372-9824-DF2C15B1CB3C}.Release|Any CPU.Build.0 = Release|Any CPU
		{53FCA03E-FF7F-4058-8AD8-A3177EA2B0E2}.Debug|Any CPU.ActiveCfg = Debug|Any CPU
		{53FCA03E-FF7F-4058-8AD8-A3177EA2B0E2}.Debug|Any CPU.Build.0 = Debug|Any CPU
		{53FCA03E-FF7F-4058-8AD8-A3177EA2B0E2}.Release|Any CPU.ActiveCfg = Release|Any CPU
		{53FCA03E-FF7F-4058-8AD8-A3177EA2B0E2}.Release|Any CPU.Build.0 = Release|Any CPU
		{29EF260A-1F3B-4011-A527-7169E286C841}.Debug|Any CPU.ActiveCfg = Debug|Any CPU
		{29EF260A-1F3B-4011-A527-7169E286C841}.Debug|Any CPU.Build.0 = Debug|Any CPU
		{29EF260A-1F3B-4011-A527-7169E286C841}.Release|Any CPU.ActiveCfg = Release|Any CPU
		{29EF260A-1F3B-4011-A527-7169E286C841}.Release|Any CPU.Build.0 = Release|Any CPU
	EndGlobalSection
	GlobalSection(SolutionProperties) = preSolution
		HideSolutionNode = FALSE
	EndGlobalSection
	GlobalSection(ExtensibilityGlobals) = postSolution
		SolutionGuid = {A650AFF9-BFD9-4A9E-A10C-0658D4B2E813}
	EndGlobalSection
EndGlobal
